// !$*UTF8*$!
{
	archiveVersion = 1;
	classes = {
	};
	objectVersion = 46;
	objects = {

/* Begin PBXBuildFile section */
		532086BF1EFE43A30034F747 /* AppDelegate.swift in Sources */ = {isa = PBXBuildFile; fileRef = 532086BE1EFE43A30034F747 /* AppDelegate.swift */; };
		532086C31EFE43A30034F747 /* Assets.xcassets in Resources */ = {isa = PBXBuildFile; fileRef = 532086C21EFE43A30034F747 /* Assets.xcassets */; };
		532086C61EFE43A30034F747 /* Main.storyboard in Resources */ = {isa = PBXBuildFile; fileRef = 532086C41EFE43A30034F747 /* Main.storyboard */; };
		532086D41EFE445E0034F747 /* DiskHandler.framework in Frameworks */ = {isa = PBXBuildFile; fileRef = 532086D31EFE44520034F747 /* DiskHandler.framework */; };
		53D714BB1F01999D00AC465A /* MainViewController.swift in Sources */ = {isa = PBXBuildFile; fileRef = 53D714BA1F01999D00AC465A /* MainViewController.swift */; };
/* End PBXBuildFile section */

/* Begin PBXContainerItemProxy section */
		532086D21EFE44520034F747 /* PBXContainerItemProxy */ = {
			isa = PBXContainerItemProxy;
			containerPortal = 532086CE1EFE44520034F747 /* DiskHandler.xcodeproj */;
			proxyType = 2;
			remoteGlobalIDString = 53AB7A9A1EFE417000E1E570;
			remoteInfo = DiskHandler;
		};
		532086D51EFE44600034F747 /* PBXContainerItemProxy */ = {
			isa = PBXContainerItemProxy;
			containerPortal = 532086CE1EFE44520034F747 /* DiskHandler.xcodeproj */;
			proxyType = 1;
			remoteGlobalIDString = 53AB7A991EFE417000E1E570;
			remoteInfo = DiskHandler;
		};
/* End PBXContainerItemProxy section */

/* Begin PBXFileReference section */
		532086BB1EFE43A30034F747 /* DiskHandlerExample.app */ = {isa = PBXFileReference; explicitFileType = wrapper.application; includeInIndex = 0; path = DiskHandlerExample.app; sourceTree = BUILT_PRODUCTS_DIR; };
		532086BE1EFE43A30034F747 /* AppDelegate.swift */ = {isa = PBXFileReference; lastKnownFileType = sourcecode.swift; path = AppDelegate.swift; sourceTree = "<group>"; };
		532086C21EFE43A30034F747 /* Assets.xcassets */ = {isa = PBXFileReference; lastKnownFileType = folder.assetcatalog; path = Assets.xcassets; sourceTree = "<group>"; };
		532086C51EFE43A30034F747 /* Base */ = {isa = PBXFileReference; lastKnownFileType = file.storyboard; name = Base; path = Base.lproj/Main.storyboard; sourceTree = "<group>"; };
		532086C71EFE43A30034F747 /* Info.plist */ = {isa = PBXFileReference; lastKnownFileType = text.plist.xml; path = Info.plist; sourceTree = "<group>"; };
		532086CE1EFE44520034F747 /* DiskHandler.xcodeproj */ = {isa = PBXFileReference; lastKnownFileType = "wrapper.pb-project"; name = DiskHandler.xcodeproj; path = ../DiskHandler/DiskHandler.xcodeproj; sourceTree = "<group>"; };
		53D714BA1F01999D00AC465A /* MainViewController.swift */ = {isa = PBXFileReference; fileEncoding = 4; lastKnownFileType = sourcecode.swift; name = MainViewController.swift; path = ../MainViewController.swift; sourceTree = "<group>"; };
/* End PBXFileReference section */

/* Begin PBXFrameworksBuildPhase section */
		532086B81EFE43A30034F747 /* Frameworks */ = {
			isa = PBXFrameworksBuildPhase;
			buildActionMask = 2147483647;
			files = (
				532086D41EFE445E0034F747 /* DiskHandler.framework in Frameworks */,
			);
			runOnlyForDeploymentPostprocessing = 0;
		};
/* End PBXFrameworksBuildPhase section */

/* Begin PBXGroup section */
		532086B21EFE43A30034F747 = {
			isa = PBXGroup;
			children = (
				532086BD1EFE43A30034F747 /* DiskHandlerExample */,
				532086CD1EFE443F0034F747 /* Frameworks */,
				532086BC1EFE43A30034F747 /* Products */,
			);
			sourceTree = "<group>";
		};
		532086BC1EFE43A30034F747 /* Products */ = {
			isa = PBXGroup;
			children = (
				532086BB1EFE43A30034F747 /* DiskHandlerExample.app */,
			);
			name = Products;
			sourceTree = "<group>";
		};
		532086BD1EFE43A30034F747 /* DiskHandlerExample */ = {
			isa = PBXGroup;
			children = (
				532086BE1EFE43A30034F747 /* AppDelegate.swift */,
				53D714BA1F01999D00AC465A /* MainViewController.swift */,
				532086C21EFE43A30034F747 /* Assets.xcassets */,
				532086C41EFE43A30034F747 /* Main.storyboard */,
				532086C71EFE43A30034F747 /* Info.plist */,
			);
			path = DiskHandlerExample;
			sourceTree = "<group>";
		};
		532086CD1EFE443F0034F747 /* Frameworks */ = {
			isa = PBXGroup;
			children = (
				532086CE1EFE44520034F747 /* DiskHandler.xcodeproj */,
			);
			name = Frameworks;
			sourceTree = "<group>";
		};
		532086CF1EFE44520034F747 /* Products */ = {
			isa = PBXGroup;
			children = (
				532086D31EFE44520034F747 /* DiskHandler.framework */,
			);
			name = Products;
			sourceTree = "<group>";
		};
/* End PBXGroup section */

/* Begin PBXNativeTarget section */
		532086BA1EFE43A30034F747 /* DiskHandlerExample */ = {
			isa = PBXNativeTarget;
			buildConfigurationList = 532086CA1EFE43A30034F747 /* Build configuration list for PBXNativeTarget "DiskHandlerExample" */;
			buildPhases = (
				532086B71EFE43A30034F747 /* Sources */,
				532086B81EFE43A30034F747 /* Frameworks */,
				532086B91EFE43A30034F747 /* Resources */,
			);
			buildRules = (
			);
			dependencies = (
				532086D61EFE44600034F747 /* PBXTargetDependency */,
			);
			name = DiskHandlerExample;
			productName = DiskHandlerExample;
			productReference = 532086BB1EFE43A30034F747 /* DiskHandlerExample.app */;
			productType = "com.apple.product-type.application";
		};
/* End PBXNativeTarget section */

/* Begin PBXProject section */
		532086B31EFE43A30034F747 /* Project object */ = {
			isa = PBXProject;
			attributes = {
				LastSwiftUpdateCheck = 0830;
				LastUpgradeCheck = 0830;
				ORGANIZATIONNAME = "Erik Berglund";
				TargetAttributes = {
					532086BA1EFE43A30034F747 = {
						CreatedOnToolsVersion = 8.3.3;
						DevelopmentTeam = Y7QFC8672N;
						ProvisioningStyle = Automatic;
					};
				};
			};
			buildConfigurationList = 532086B61EFE43A30034F747 /* Build configuration list for PBXProject "DiskHandlerExample" */;
			compatibilityVersion = "Xcode 3.2";
			developmentRegion = English;
			hasScannedForEncodings = 0;
			knownRegions = (
				en,
				Base,
			);
			mainGroup = 532086B21EFE43A30034F747;
			productRefGroup = 532086BC1EFE43A30034F747 /* Products */;
			projectDirPath = "";
			projectReferences = (
				{
					ProductGroup = 532086CF1EFE44520034F747 /* Products */;
					ProjectRef = 532086CE1EFE44520034F747 /* DiskHandler.xcodeproj */;
				},
			);
			projectRoot = "";
			targets = (
				532086BA1EFE43A30034F747 /* DiskHandlerExample */,
			);
		};
/* End PBXProject section */

/* Begin PBXReferenceProxy section */
		532086D31EFE44520034F747 /* DiskHandler.framework */ = {
			isa = PBXReferenceProxy;
			fileType = wrapper.framework;
			path = DiskHandler.framework;
			remoteRef = 532086D21EFE44520034F747 /* PBXContainerItemProxy */;
			sourceTree = BUILT_PRODUCTS_DIR;
		};
/* End PBXReferenceProxy section */

/* Begin PBXResourcesBuildPhase section */
		532086B91EFE43A30034F747 /* Resources */ = {
			isa = PBXResourcesBuildPhase;
			buildActionMask = 2147483647;
			files = (
				532086C31EFE43A30034F747 /* Assets.xcassets in Resources */,
				532086C61EFE43A30034F747 /* Main.storyboard in Resources */,
			);
			runOnlyForDeploymentPostprocessing = 0;
		};
/* End PBXResourcesBuildPhase section */

/* Begin PBXSourcesBuildPhase section */
		532086B71EFE43A30034F747 /* Sources */ = {
			isa = PBXSourcesBuildPhase;
			buildActionMask = 2147483647;
			files = (
				532086BF1EFE43A30034F747 /* AppDelegate.swift in Sources */,
				53D714BB1F01999D00AC465A /* MainViewController.swift in Sources */,
			);
			runOnlyForDeploymentPostprocessing = 0;
		};
/* End PBXSourcesBuildPhase section */

/* Begin PBXTargetDependency section */
		532086D61EFE44600034F747 /* PBXTargetDependency */ = {
			isa = PBXTargetDependency;
			name = DiskHandler;
			targetProxy = 532086D51EFE44600034F747 /* PBXContainerItemProxy */;
		};
/* End PBXTargetDependency section */

/* Begin PBXVariantGroup section */
		532086C41EFE43A30034F747 /* Main.storyboard */ = {
			isa = PBXVariantGroup;
			children = (
				532086C51EFE43A30034F747 /* Base */,
			);
			name = Main.storyboard;
			sourceTree = "<group>";
		};
/* End PBXVariantGroup section */

/* Begin XCBuildConfiguration section */
		532086C81EFE43A30034F747 /* Debug */ = {
			isa = XCBuildConfiguration;
			buildSettings = {
				ALWAYS_SEARCH_USER_PATHS = NO;
				CLANG_ANALYZER_NONNULL = YES;
				CLANG_ANALYZER_NUMBER_OBJECT_CONVERSION = YES_AGGRESSIVE;
				CLANG_CXX_LANGUAGE_STANDARD = "gnu++0x";
				CLANG_CXX_LIBRARY = "libc++";
				CLANG_ENABLE_MODULES = YES;
				CLANG_ENABLE_OBJC_ARC = YES;
				CLANG_WARN_BOOL_CONVERSION = YES;
				CLANG_WARN_CONSTANT_CONVERSION = YES;
				CLANG_WARN_DIRECT_OBJC_ISA_USAGE = YES_ERROR;
				CLANG_WARN_DOCUMENTATION_COMMENTS = YES;
				CLANG_WARN_EMPTY_BODY = YES;
				CLANG_WARN_ENUM_CONVERSION = YES;
				CLANG_WARN_INFINITE_RECURSION = YES;
				CLANG_WARN_INT_CONVERSION = YES;
				CLANG_WARN_OBJC_ROOT_CLASS = YES_ERROR;
				CLANG_WARN_SUSPICIOUS_MOVE = YES;
				CLANG_WARN_UNREACHABLE_CODE = YES;
				CLANG_WARN__DUPLICATE_METHOD_MATCH = YES;
				CODE_SIGN_IDENTITY = "-";
				COPY_PHASE_STRIP = NO;
				DEBUG_INFORMATION_FORMAT = dwarf;
				ENABLE_STRICT_OBJC_MSGSEND = YES;
				ENABLE_TESTABILITY = YES;
				GCC_C_LANGUAGE_STANDARD = gnu99;
				GCC_DYNAMIC_NO_PIC = NO;
				GCC_NO_COMMON_BLOCKS = YES;
				GCC_OPTIMIZATION_LEVEL = 0;
				GCC_PREPROCESSOR_DEFINITIONS = (
					"DEBUG=1",
					"$(inherited)",
				);
				GCC_WARN_64_TO_32_BIT_CONVERSION = YES;
				GCC_WARN_ABOUT_RETURN_TYPE = YES_ERROR;
				GCC_WARN_UNDECLARED_SELECTOR = YES;
				GCC_WARN_UNINITIALIZED_AUTOS = YES_AGGRESSIVE;
				GCC_WARN_UNUSED_FUNCTION = YES;
				GCC_WARN_UNUSED_VARIABLE = YES;
				MACOSX_DEPLOYMENT_TARGET = 10.12;
				MTL_ENABLE_DEBUG_INFO = YES;
				ONLY_ACTIVE_ARCH = YES;
				SDKROOT = macosx;
				SWIFT_ACTIVE_COMPILATION_CONDITIONS = DEBUG;
				SWIFT_OPTIMIZATION_LEVEL = "-Onone";
			};
			name = Debug;
		};
		532086C91EFE43A30034F747 /* Release */ = {
			isa = XCBuildConfiguration;
			buildSettings = {
				ALWAYS_SEARCH_USER_PATHS = NO;
				CLANG_ANALYZER_NONNULL = YES;
				CLANG_ANALYZER_NUMBER_OBJECT_CONVERSION = YES_AGGRESSIVE;
				CLANG_CXX_LANGUAGE_STANDARD = "gnu++0x";
				CLANG_CXX_LIBRARY = "libc++";
				CLANG_ENABLE_MODULES = YES;
				CLANG_ENABLE_OBJC_ARC = YES;
				CLANG_WARN_BOOL_CONVERSION = YES;
				CLANG_WARN_CONSTANT_CONVERSION = YES;
				CLANG_WARN_DIRECT_OBJC_ISA_USAGE = YES_ERROR;
				CLANG_WARN_DOCUMENTATION_COMMENTS = YES;
				CLANG_WARN_EMPTY_BODY = YES;
				CLANG_WARN_ENUM_CONVERSION = YES;
				CLANG_WARN_INFINITE_RECURSION = YES;
				CLANG_WARN_INT_CONVERSION = YES;
				CLANG_WARN_OBJC_ROOT_CLASS = YES_ERROR;
				CLANG_WARN_SUSPICIOUS_MOVE = YES;
				CLANG_WARN_UNREACHABLE_CODE = YES;
				CLANG_WARN__DUPLICATE_METHOD_MATCH = YES;
				CODE_SIGN_IDENTITY = "-";
				COPY_PHASE_STRIP = NO;
				DEBUG_INFORMATION_FORMAT = "dwarf-with-dsym";
				ENABLE_NS_ASSERTIONS = NO;
				ENABLE_STRICT_OBJC_MSGSEND = YES;
				GCC_C_LANGUAGE_STANDARD = gnu99;
				GCC_NO_COMMON_BLOCKS = YES;
				GCC_WARN_64_TO_32_BIT_CONVERSION = YES;
				GCC_WARN_ABOUT_RETURN_TYPE = YES_ERROR;
				GCC_WARN_UNDECLARED_SELECTOR = YES;
				GCC_WARN_UNINITIALIZED_AUTOS = YES_AGGRESSIVE;
				GCC_WARN_UNUSED_FUNCTION = YES;
				GCC_WARN_UNUSED_VARIABLE = YES;
				MACOSX_DEPLOYMENT_TARGET = 10.12;
				MTL_ENABLE_DEBUG_INFO = NO;
				SDKROOT = macosx;
				SWIFT_OPTIMIZATION_LEVEL = "-Owholemodule";
			};
			name = Release;
		};
		532086CB1EFE43A30034F747 /* Debug */ = {
			isa = XCBuildConfiguration;
			buildSettings = {
				ASSETCATALOG_COMPILER_APPICON_NAME = AppIcon;
				COMBINE_HIDPI_IMAGES = YES;
				DEVELOPMENT_TEAM = Y7QFC8672N;
				INFOPLIST_FILE = DiskHandlerExample/Info.plist;
				LD_RUNPATH_SEARCH_PATHS = "$(inherited) @executable_path/../Frameworks";
				PRODUCT_BUNDLE_IDENTIFIER = com.github.erikberglund.DiskHandlerExample;
				PRODUCT_NAME = "$(TARGET_NAME)";
				SWIFT_VERSION = 3.0;
			};
			name = Debug;
		};
		532086CC1EFE43A30034F747 /* Release */ = {
			isa = XCBuildConfiguration;
			buildSettings = {
				ASSETCATALOG_COMPILER_APPICON_NAME = AppIcon;
				COMBINE_HIDPI_IMAGES = YES;
				DEVELOPMENT_TEAM = Y7QFC8672N;
				INFOPLIST_FILE = DiskHandlerExample/Info.plist;
				LD_RUNPATH_SEARCH_PATHS = "$(inherited) @executable_path/../Frameworks";
				PRODUCT_BUNDLE_IDENTIFIER = com.github.erikberglund.DiskHandlerExample;
				PRODUCT_NAME = "$(TARGET_NAME)";
				SWIFT_VERSION = 3.0;
			};
			name = Release;
		};
/* End XCBuildConfiguration section */

/* Begin XCConfigurationList section */
		532086B61EFE43A30034F747 /* Build configuration list for PBXProject "DiskHandlerExample" */ = {
			isa = XCConfigurationList;
			buildConfigurations = (
				532086C81EFE43A30034F747 /* Debug */,
				532086C91EFE43A30034F747 /* Release */,
			);
			defaultConfigurationIsVisible = 0;
			defaultConfigurationName = Release;
		};
		532086CA1EFE43A30034F747 /* Build configuration list for PBXNativeTarget "DiskHandlerExample" */ = {
			isa = XCConfigurationList;
			buildConfigurations = (
				532086CB1EFE43A30034F747 /* Debug */,
				532086CC1EFE43A30034F747 /* Release */,
			);
			defaultConfigurationIsVisible = 0;
			defaultConfigurationName = Release;
		};
/* End XCConfigurationList section */
	};
	rootObject = 532086B31EFE43A30034F747 /* Project object */;
}
